
Microsoft Visual Studio Solution File, Format Version 12.00
# Visual Studio Version 17
VisualStudioVersion = 17.10.34928.147
MinimumVisualStudioVersion = 10.0.40219.1
Project("{9A19103F-16F7-4668-BE54-9A1E7A4F7556}") = "TaskManager", "TaskManager\TaskManager.csproj", "{263BAB09-D657-4DC4-87EB-0EE48C3450E2}"
EndProject
Project("{FAE04EC0-301F-11D3-BF4B-00C04F79EFBC}") = "TaskManager.Test", "TaskManager.Test\TaskManager.Test.csproj", "{41AAE7BE-6415-4C40-AF78-74AD198B92CE}"
EndProject
Global
	GlobalSection(SolutionConfigurationPlatforms) = preSolution
		Debug|Any CPU = Debug|Any CPU
		Release|Any CPU = Release|Any CPU
	EndGlobalSection
	GlobalSection(ProjectConfigurationPlatforms) = postSolution
		{263BAB09-D657-4DC4-87EB-0EE48C3450E2}.Debug|Any CPU.ActiveCfg = Debug|Any CPU
		{263BAB09-D657-4DC4-87EB-0EE48C3450E2}.Debug|Any CPU.Build.0 = Debug|Any CPU
		{263BAB09-D657-4DC4-87EB-0EE48C3450E2}.Release|Any CPU.ActiveCfg = Release|Any CPU
		{263BAB09-D657-4DC4-87EB-0EE48C3450E2}.Release|Any CPU.Build.0 = Release|Any CPU
		{41AAE7BE-6415-4C40-AF78-74AD198B92CE}.Debug|Any CPU.ActiveCfg = Debug|Any CPU
		{41AAE7BE-6415-4C40-AF78-74AD198B92CE}.Debug|Any CPU.Build.0 = Debug|Any CPU
		{41AAE7BE-6415-4C40-AF78-74AD198B92CE}.Release|Any CPU.ActiveCfg = Release|Any CPU
		{41AAE7BE-6415-4C40-AF78-74AD198B92CE}.Release|Any CPU.Build.0 = Release|Any CPU
	EndGlobalSection
	GlobalSection(SolutionProperties) = preSolution
		HideSolutionNode = FALSE
	EndGlobalSection
	GlobalSection(ExtensibilityGlobals) = postSolution
		SolutionGuid = {845BB75B-8CE9-4625-AE26-FE4ECBCBF507}
	EndGlobalSection
EndGlobal
